// !$*UTF8*$!
{
	archiveVersion = 1;
	classes = {
	};
	objectVersion = 55;
	objects = {

/* Begin PBXBuildFile section */
		6FFD6FE4D42939135F52C633 /* Pods_WeatherApp.framework in Frameworks */ = {isa = PBXBuildFile; fileRef = 8391610365F0A4F4D3545B8F /* Pods_WeatherApp.framework */; };
		CFA0AB22272B978F0037FBCF /* AppDelegate.swift in Sources */ = {isa = PBXBuildFile; fileRef = CFA0AB21272B978F0037FBCF /* AppDelegate.swift */; };
		CFA0AB24272B978F0037FBCF /* SceneDelegate.swift in Sources */ = {isa = PBXBuildFile; fileRef = CFA0AB23272B978F0037FBCF /* SceneDelegate.swift */; };
		CFA0AB2B272B97940037FBCF /* Assets.xcassets in Resources */ = {isa = PBXBuildFile; fileRef = CFA0AB2A272B97940037FBCF /* Assets.xcassets */; };
		CFA0AB2E272B97940037FBCF /* LaunchScreen.storyboard in Resources */ = {isa = PBXBuildFile; fileRef = CFA0AB2C272B97940037FBCF /* LaunchScreen.storyboard */; };
		CFA0AB39272BA11B0037FBCF /* CurrentWeather.swift in Sources */ = {isa = PBXBuildFile; fileRef = CFA0AB38272BA11A0037FBCF /* CurrentWeather.swift */; };
		CFFCD285272BC57500C48C93 /* ViewController.swift in Sources */ = {isa = PBXBuildFile; fileRef = CFA0AB25272B978F0037FBCF /* ViewController.swift */; };
		CFFCD28B272BD11400C48C93 /* Main.storyboard in Resources */ = {isa = PBXBuildFile; fileRef = CFA0AB27272B978F0037FBCF /* Main.storyboard */; };
		CFFCD28C272BD18C00C48C93 /* SearchCityViewController.swift in Sources */ = {isa = PBXBuildFile; fileRef = CFA0AB3A272BA3BD0037FBCF /* SearchCityViewController.swift */; };
		CFFCD28E272BD1DC00C48C93 /* Constants.swift in Sources */ = {isa = PBXBuildFile; fileRef = CFFCD28D272BD1DC00C48C93 /* Constants.swift */; };
		CFFCD290272BD48E00C48C93 /* CityInfo.swift in Sources */ = {isa = PBXBuildFile; fileRef = CFFCD28F272BD48E00C48C93 /* CityInfo.swift */; };
/* End PBXBuildFile section */

/* Begin PBXFileReference section */
		127BBDFBF0EC76427F184069 /* Pods-WeatherApp.debug.xcconfig */ = {isa = PBXFileReference; includeInIndex = 1; lastKnownFileType = text.xcconfig; name = "Pods-WeatherApp.debug.xcconfig"; path = "Target Support Files/Pods-WeatherApp/Pods-WeatherApp.debug.xcconfig"; sourceTree = "<group>"; };
		2DBE51C69C698DB1CD15783A /* Pods-WeatherApp.release.xcconfig */ = {isa = PBXFileReference; includeInIndex = 1; lastKnownFileType = text.xcconfig; name = "Pods-WeatherApp.release.xcconfig"; path = "Target Support Files/Pods-WeatherApp/Pods-WeatherApp.release.xcconfig"; sourceTree = "<group>"; };
		8391610365F0A4F4D3545B8F /* Pods_WeatherApp.framework */ = {isa = PBXFileReference; explicitFileType = wrapper.framework; includeInIndex = 0; path = Pods_WeatherApp.framework; sourceTree = BUILT_PRODUCTS_DIR; };
		CFA0AB1E272B978F0037FBCF /* WeatherApp.app */ = {isa = PBXFileReference; explicitFileType = wrapper.application; includeInIndex = 0; path = WeatherApp.app; sourceTree = BUILT_PRODUCTS_DIR; };
		CFA0AB21272B978F0037FBCF /* AppDelegate.swift */ = {isa = PBXFileReference; lastKnownFileType = sourcecode.swift; path = AppDelegate.swift; sourceTree = "<group>"; };
		CFA0AB23272B978F0037FBCF /* SceneDelegate.swift */ = {isa = PBXFileReference; lastKnownFileType = sourcecode.swift; path = SceneDelegate.swift; sourceTree = "<group>"; };
		CFA0AB25272B978F0037FBCF /* ViewController.swift */ = {isa = PBXFileReference; lastKnownFileType = sourcecode.swift; path = ViewController.swift; sourceTree = "<group>"; };
		CFA0AB28272B978F0037FBCF /* Base */ = {isa = PBXFileReference; lastKnownFileType = file.storyboard; name = Base; path = Base.lproj/Main.storyboard; sourceTree = "<group>"; };
		CFA0AB2A272B97940037FBCF /* Assets.xcassets */ = {isa = PBXFileReference; lastKnownFileType = folder.assetcatalog; path = Assets.xcassets; sourceTree = "<group>"; };
		CFA0AB2D272B97940037FBCF /* Base */ = {isa = PBXFileReference; lastKnownFileType = file.storyboard; name = Base; path = Base.lproj/LaunchScreen.storyboard; sourceTree = "<group>"; };
		CFA0AB2F272B97940037FBCF /* Info.plist */ = {isa = PBXFileReference; lastKnownFileType = text.plist.xml; path = Info.plist; sourceTree = "<group>"; };
		CFA0AB38272BA11A0037FBCF /* CurrentWeather.swift */ = {isa = PBXFileReference; lastKnownFileType = sourcecode.swift; path = CurrentWeather.swift; sourceTree = "<group>"; };
		CFA0AB3A272BA3BD0037FBCF /* SearchCityViewController.swift */ = {isa = PBXFileReference; lastKnownFileType = sourcecode.swift; path = SearchCityViewController.swift; sourceTree = "<group>"; };
		CFFCD28D272BD1DC00C48C93 /* Constants.swift */ = {isa = PBXFileReference; lastKnownFileType = sourcecode.swift; path = Constants.swift; sourceTree = "<group>"; };
		CFFCD28F272BD48E00C48C93 /* CityInfo.swift */ = {isa = PBXFileReference; lastKnownFileType = sourcecode.swift; path = CityInfo.swift; sourceTree = "<group>"; };
/* End PBXFileReference section */

/* Begin PBXFrameworksBuildPhase section */
		CFA0AB1B272B978F0037FBCF /* Frameworks */ = {
			isa = PBXFrameworksBuildPhase;
			buildActionMask = 2147483647;
			files = (
				6FFD6FE4D42939135F52C633 /* Pods_WeatherApp.framework in Frameworks */,
			);
			runOnlyForDeploymentPostprocessing = 0;
		};
/* End PBXFrameworksBuildPhase section */

/* Begin PBXGroup section */
		80122E165E0ADD66DBE6C76C /* Pods */ = {
			isa = PBXGroup;
			children = (
				127BBDFBF0EC76427F184069 /* Pods-WeatherApp.debug.xcconfig */,
				2DBE51C69C698DB1CD15783A /* Pods-WeatherApp.release.xcconfig */,
			);
			path = Pods;
			sourceTree = "<group>";
		};
		CFA0AB15272B978F0037FBCF = {
			isa = PBXGroup;
			children = (
				CFA0AB20272B978F0037FBCF /* WeatherApp */,
				CFA0AB1F272B978F0037FBCF /* Products */,
				80122E165E0ADD66DBE6C76C /* Pods */,
				F1A73A1D1BE054462F2038A6 /* Frameworks */,
			);
			sourceTree = "<group>";
		};
		CFA0AB1F272B978F0037FBCF /* Products */ = {
			isa = PBXGroup;
			children = (
				CFA0AB1E272B978F0037FBCF /* WeatherApp.app */,
			);
			name = Products;
			sourceTree = "<group>";
		};
		CFA0AB20272B978F0037FBCF /* WeatherApp */ = {
			isa = PBXGroup;
			children = (
				CFA0AB37272B99160037FBCF /* controller */,
				CFA0AB36272B99070037FBCF /* view */,
				CFA0AB35272B98F20037FBCF /* modals */,
				CFA0AB21272B978F0037FBCF /* AppDelegate.swift */,
				CFA0AB23272B978F0037FBCF /* SceneDelegate.swift */,
				CFA0AB2A272B97940037FBCF /* Assets.xcassets */,
				CFA0AB2C272B97940037FBCF /* LaunchScreen.storyboard */,
				CFA0AB2F272B97940037FBCF /* Info.plist */,
			);
			path = WeatherApp;
			sourceTree = "<group>";
		};
		CFA0AB35272B98F20037FBCF /* modals */ = {
			isa = PBXGroup;
			children = (
				CFA0AB38272BA11A0037FBCF /* CurrentWeather.swift */,
				CFFCD28F272BD48E00C48C93 /* CityInfo.swift */,
			);
			path = modals;
			sourceTree = "<group>";
		};
		CFA0AB36272B99070037FBCF /* view */ = {
			isa = PBXGroup;
			children = (
				CFA0AB27272B978F0037FBCF /* Main.storyboard */,
			);
			path = view;
			sourceTree = "<group>";
		};
		CFA0AB37272B99160037FBCF /* controller */ = {
			isa = PBXGroup;
			children = (
				CFA0AB25272B978F0037FBCF /* ViewController.swift */,
				CFA0AB3A272BA3BD0037FBCF /* SearchCityViewController.swift */,
				CFFCD28D272BD1DC00C48C93 /* Constants.swift */,
			);
			path = controller;
			sourceTree = "<group>";
		};
		F1A73A1D1BE054462F2038A6 /* Frameworks */ = {
			isa = PBXGroup;
			children = (
				8391610365F0A4F4D3545B8F /* Pods_WeatherApp.framework */,
			);
			name = Frameworks;
			sourceTree = "<group>";
		};
/* End PBXGroup section */

/* Begin PBXNativeTarget section */
		CFA0AB1D272B978F0037FBCF /* WeatherApp */ = {
			isa = PBXNativeTarget;
			buildConfigurationList = CFA0AB32272B97940037FBCF /* Build configuration list for PBXNativeTarget "WeatherApp" */;
			buildPhases = (
				B429E736422ED267C79B711F /* [CP] Check Pods Manifest.lock */,
				CFA0AB1A272B978F0037FBCF /* Sources */,
				CFA0AB1B272B978F0037FBCF /* Frameworks */,
				CFA0AB1C272B978F0037FBCF /* Resources */,
				DF37A4D28021B5D75B64EAFA /* [CP] Embed Pods Frameworks */,
			);
			buildRules = (
			);
			dependencies = (
			);
			name = WeatherApp;
			productName = WeatherApp;
			productReference = CFA0AB1E272B978F0037FBCF /* WeatherApp.app */;
			productType = "com.apple.product-type.application";
		};
/* End PBXNativeTarget section */

/* Begin PBXProject section */
		CFA0AB16272B978F0037FBCF /* Project object */ = {
			isa = PBXProject;
			attributes = {
				BuildIndependentTargetsInParallel = 1;
				LastSwiftUpdateCheck = 1300;
				LastUpgradeCheck = 1300;
				TargetAttributes = {
					CFA0AB1D272B978F0037FBCF = {
						CreatedOnToolsVersion = 13.0;
					};
				};
			};
			buildConfigurationList = CFA0AB19272B978F0037FBCF /* Build configuration list for PBXProject "WeatherApp" */;
			compatibilityVersion = "Xcode 13.0";
			developmentRegion = en;
			hasScannedForEncodings = 0;
			knownRegions = (
				en,
				Base,
			);
			mainGroup = CFA0AB15272B978F0037FBCF;
			productRefGroup = CFA0AB1F272B978F0037FBCF /* Products */;
			projectDirPath = "";
			projectRoot = "";
			targets = (
				CFA0AB1D272B978F0037FBCF /* WeatherApp */,
			);
		};
/* End PBXProject section */

/* Begin PBXResourcesBuildPhase section */
		CFA0AB1C272B978F0037FBCF /* Resources */ = {
			isa = PBXResourcesBuildPhase;
			buildActionMask = 2147483647;
			files = (
				CFFCD28B272BD11400C48C93 /* Main.storyboard in Resources */,
				CFA0AB2E272B97940037FBCF /* LaunchScreen.storyboard in Resources */,
				CFA0AB2B272B97940037FBCF /* Assets.xcassets in Resources */,
			);
			runOnlyForDeploymentPostprocessing = 0;
		};
/* End PBXResourcesBuildPhase section */

/* Begin PBXShellScriptBuildPhase section */
		B429E736422ED267C79B711F /* [CP] Check Pods Manifest.lock */ = {
			isa = PBXShellScriptBuildPhase;
			buildActionMask = 2147483647;
			files = (
			);
			inputFileListPaths = (
			);
			inputPaths = (
				"${PODS_PODFILE_DIR_PATH}/Podfile.lock",
				"${PODS_ROOT}/Manifest.lock",
			);
			name = "[CP] Check Pods Manifest.lock";
			outputFileListPaths = (
			);
			outputPaths = (
				"$(DERIVED_FILE_DIR)/Pods-WeatherApp-checkManifestLockResult.txt",
			);
			runOnlyForDeploymentPostprocessing = 0;
			shellPath = /bin/sh;
			shellScript = "diff \"${PODS_PODFILE_DIR_PATH}/Podfile.lock\" \"${PODS_ROOT}/Manifest.lock\" > /dev/null\nif [ $? != 0 ] ; then\n    # print error to STDERR\n    echo \"error: The sandbox is not in sync with the Podfile.lock. Run 'pod install' or update your CocoaPods installation.\" >&2\n    exit 1\nfi\n# This output is used by Xcode 'outputs' to avoid re-running this script phase.\necho \"SUCCESS\" > \"${SCRIPT_OUTPUT_FILE_0}\"\n";
			showEnvVarsInLog = 0;
		};
		DF37A4D28021B5D75B64EAFA /* [CP] Embed Pods Frameworks */ = {
			isa = PBXShellScriptBuildPhase;
			buildActionMask = 2147483647;
			files = (
			);
			inputFileListPaths = (
				"${PODS_ROOT}/Target Support Files/Pods-WeatherApp/Pods-WeatherApp-frameworks-${CONFIGURATION}-input-files.xcfilelist",
			);
			name = "[CP] Embed Pods Frameworks";
			outputFileListPaths = (
				"${PODS_ROOT}/Target Support Files/Pods-WeatherApp/Pods-WeatherApp-frameworks-${CONFIGURATION}-output-files.xcfilelist",
			);
			runOnlyForDeploymentPostprocessing = 0;
			shellPath = /bin/sh;
			shellScript = "\"${PODS_ROOT}/Target Support Files/Pods-WeatherApp/Pods-WeatherApp-frameworks.sh\"\n";
			showEnvVarsInLog = 0;
		};
/* End PBXShellScriptBuildPhase section */

/* Begin PBXSourcesBuildPhase section */
		CFA0AB1A272B978F0037FBCF /* Sources */ = {
			isa = PBXSourcesBuildPhase;
			buildActionMask = 2147483647;
			files = (
				CFFCD285272BC57500C48C93 /* ViewController.swift in Sources */,
				CFFCD28C272BD18C00C48C93 /* SearchCityViewController.swift in Sources */,
				CFA0AB22272B978F0037FBCF /* AppDelegate.swift in Sources */,
				CFA0AB39272BA11B0037FBCF /* CurrentWeather.swift in Sources */,
				CFFCD290272BD48E00C48C93 /* CityInfo.swift in Sources */,
				CFA0AB24272B978F0037FBCF /* SceneDelegate.swift in Sources */,
				CFFCD28E272BD1DC00C48C93 /* Constants.swift in Sources */,
			);
			runOnlyForDeploymentPostprocessing = 0;
		};
/* End PBXSourcesBuildPhase section */

/* Begin PBXVariantGroup section */
		CFA0AB27272B978F0037FBCF /* Main.storyboard */ = {
			isa = PBXVariantGroup;
			children = (
				CFA0AB28272B978F0037FBCF /* Base */,
			);
			name = Main.storyboard;
			sourceTree = "<group>";
		};
		CFA0AB2C272B97940037FBCF /* LaunchScreen.storyboard */ = {
			isa = PBXVariantGroup;
			children = (
				CFA0AB2D272B97940037FBCF /* Base */,
			);
			name = LaunchScreen.storyboard;
			sourceTree = "<group>";
		};
/* End PBXVariantGroup section */

/* Begin XCBuildConfiguration section */
		CFA0AB30272B97940037FBCF /* Debug */ = {
			isa = XCBuildConfiguration;
			buildSettings = {
				ALWAYS_SEARCH_USER_PATHS = NO;
				CLANG_ANALYZER_NONNULL = YES;
				CLANG_ANALYZER_NUMBER_OBJECT_CONVERSION = YES_AGGRESSIVE;
				CLANG_CXX_LANGUAGE_STANDARD = "gnu++17";
				CLANG_CXX_LIBRARY = "libc++";
				CLANG_ENABLE_MODULES = YES;
				CLANG_ENABLE_OBJC_ARC = YES;
				CLANG_ENABLE_OBJC_WEAK = YES;
				CLANG_WARN_BLOCK_CAPTURE_AUTORELEASING = YES;
				CLANG_WARN_BOOL_CONVERSION = YES;
				CLANG_WARN_COMMA = YES;
				CLANG_WARN_CONSTANT_CONVERSION = YES;
				CLANG_WARN_DEPRECATED_OBJC_IMPLEMENTATIONS = YES;
				CLANG_WARN_DIRECT_OBJC_ISA_USAGE = YES_ERROR;
				CLANG_WARN_DOCUMENTATION_COMMENTS = YES;
				CLANG_WARN_EMPTY_BODY = YES;
				CLANG_WARN_ENUM_CONVERSION = YES;
				CLANG_WARN_INFINITE_RECURSION = YES;
				CLANG_WARN_INT_CONVERSION = YES;
				CLANG_WARN_NON_LITERAL_NULL_CONVERSION = YES;
				CLANG_WARN_OBJC_IMPLICIT_RETAIN_SELF = YES;
				CLANG_WARN_OBJC_LITERAL_CONVERSION = YES;
				CLANG_WARN_OBJC_ROOT_CLASS = YES_ERROR;
				CLANG_WARN_QUOTED_INCLUDE_IN_FRAMEWORK_HEADER = YES;
				CLANG_WARN_RANGE_LOOP_ANALYSIS = YES;
				CLANG_WARN_STRICT_PROTOTYPES = YES;
				CLANG_WARN_SUSPICIOUS_MOVE = YES;
				CLANG_WARN_UNGUARDED_AVAILABILITY = YES_AGGRESSIVE;
				CLANG_WARN_UNREACHABLE_CODE = YES;
				CLANG_WARN__DUPLICATE_METHOD_MATCH = YES;
				COPY_PHASE_STRIP = NO;
				DEBUG_INFORMATION_FORMAT = dwarf;
				ENABLE_STRICT_OBJC_MSGSEND = YES;
				ENABLE_TESTABILITY = YES;
				GCC_C_LANGUAGE_STANDARD = gnu11;
				GCC_DYNAMIC_NO_PIC = NO;
				GCC_NO_COMMON_BLOCKS = YES;
				GCC_OPTIMIZATION_LEVEL = 0;
				GCC_PREPROCESSOR_DEFINITIONS = (
					"DEBUG=1",
					"$(inherited)",
				);
				GCC_WARN_64_TO_32_BIT_CONVERSION = YES;
				GCC_WARN_ABOUT_RETURN_TYPE = YES_ERROR;
				GCC_WARN_UNDECLARED_SELECTOR = YES;
				GCC_WARN_UNINITIALIZED_AUTOS = YES_AGGRESSIVE;
				GCC_WARN_UNUSED_FUNCTION = YES;
				GCC_WARN_UNUSED_VARIABLE = YES;
				IPHONEOS_DEPLOYMENT_TARGET = 15.0;
				MTL_ENABLE_DEBUG_INFO = INCLUDE_SOURCE;
				MTL_FAST_MATH = YES;
				ONLY_ACTIVE_ARCH = YES;
				SDKROOT = iphoneos;
				SWIFT_ACTIVE_COMPILATION_CONDITIONS = DEBUG;
				SWIFT_OPTIMIZATION_LEVEL = "-Onone";
			};
			name = Debug;
		};
		CFA0AB31272B97940037FBCF /* Release */ = {
			isa = XCBuildConfiguration;
			buildSettings = {
				ALWAYS_SEARCH_USER_PATHS = NO;
				CLANG_ANALYZER_NONNULL = YES;
				CLANG_ANALYZER_NUMBER_OBJECT_CONVERSION = YES_AGGRESSIVE;
				CLANG_CXX_LANGUAGE_STANDARD = "gnu++17";
				CLANG_CXX_LIBRARY = "libc++";
				CLANG_ENABLE_MODULES = YES;
				CLANG_ENABLE_OBJC_ARC = YES;
				CLANG_ENABLE_OBJC_WEAK = YES;
				CLANG_WARN_BLOCK_CAPTURE_AUTORELEASING = YES;
				CLANG_WARN_BOOL_CONVERSION = YES;
				CLANG_WARN_COMMA = YES;
				CLANG_WARN_CONSTANT_CONVERSION = YES;
				CLANG_WARN_DEPRECATED_OBJC_IMPLEMENTATIONS = YES;
				CLANG_WARN_DIRECT_OBJC_ISA_USAGE = YES_ERROR;
				CLANG_WARN_DOCUMENTATION_COMMENTS = YES;
				CLANG_WARN_EMPTY_BODY = YES;
				CLANG_WARN_ENUM_CONVERSION = YES;
				CLANG_WARN_INFINITE_RECURSION = YES;
				CLANG_WARN_INT_CONVERSION = YES;
				CLANG_WARN_NON_LITERAL_NULL_CONVERSION = YES;
				CLANG_WARN_OBJC_IMPLICIT_RETAIN_SELF = YES;
				CLANG_WARN_OBJC_LITERAL_CONVERSION = YES;
				CLANG_WARN_OBJC_ROOT_CLASS = YES_ERROR;
				CLANG_WARN_QUOTED_INCLUDE_IN_FRAMEWORK_HEADER = YES;
				CLANG_WARN_RANGE_LOOP_ANALYSIS = YES;
				CLANG_WARN_STRICT_PROTOTYPES = YES;
				CLANG_WARN_SUSPICIOUS_MOVE = YES;
				CLANG_WARN_UNGUARDED_AVAILABILITY = YES_AGGRESSIVE;
				CLANG_WARN_UNREACHABLE_CODE = YES;
				CLANG_WARN__DUPLICATE_METHOD_MATCH = YES;
				COPY_PHASE_STRIP = NO;
				DEBUG_INFORMATION_FORMAT = "dwarf-with-dsym";
				ENABLE_NS_ASSERTIONS = NO;
				ENABLE_STRICT_OBJC_MSGSEND = YES;
				GCC_C_LANGUAGE_STANDARD = gnu11;
				GCC_NO_COMMON_BLOCKS = YES;
				GCC_WARN_64_TO_32_BIT_CONVERSION = YES;
				GCC_WARN_ABOUT_RETURN_TYPE = YES_ERROR;
				GCC_WARN_UNDECLARED_SELECTOR = YES;
				GCC_WARN_UNINITIALIZED_AUTOS = YES_AGGRESSIVE;
				GCC_WARN_UNUSED_FUNCTION = YES;
				GCC_WARN_UNUSED_VARIABLE = YES;
				IPHONEOS_DEPLOYMENT_TARGET = 15.0;
				MTL_ENABLE_DEBUG_INFO = NO;
				MTL_FAST_MATH = YES;
				SDKROOT = iphoneos;
				SWIFT_COMPILATION_MODE = wholemodule;
				SWIFT_OPTIMIZATION_LEVEL = "-O";
				VALIDATE_PRODUCT = YES;
			};
			name = Release;
		};
		CFA0AB33272B97940037FBCF /* Debug */ = {
			isa = XCBuildConfiguration;
			baseConfigurationReference = 127BBDFBF0EC76427F184069 /* Pods-WeatherApp.debug.xcconfig */;
			buildSettings = {
				ASSETCATALOG_COMPILER_APPICON_NAME = AppIcon;
				ASSETCATALOG_COMPILER_GLOBAL_ACCENT_COLOR_NAME = AccentColor;
				CODE_SIGN_STYLE = Automatic;
				CURRENT_PROJECT_VERSION = 1;
				GENERATE_INFOPLIST_FILE = YES;
				INFOPLIST_FILE = WeatherApp/Info.plist;
				INFOPLIST_KEY_UIApplicationSupportsIndirectInputEvents = YES;
				INFOPLIST_KEY_UILaunchStoryboardName = LaunchScreen;
				INFOPLIST_KEY_UIMainStoryboardFile = Main;
				INFOPLIST_KEY_UISupportedInterfaceOrientations_iPad = "UIInterfaceOrientationPortrait UIInterfaceOrientationPortraitUpsideDown UIInterfaceOrientationLandscapeLeft UIInterfaceOrientationLandscapeRight";
				INFOPLIST_KEY_UISupportedInterfaceOrientations_iPhone = "UIInterfaceOrientationPortrait UIInterfaceOrientationLandscapeLeft UIInterfaceOrientationLandscapeRight";
				LD_RUNPATH_SEARCH_PATHS = (
					"$(inherited)",
					"@executable_path/Frameworks",
				);
				MARKETING_VERSION = 1.0;
				PRODUCT_BUNDLE_IDENTIFIER = edu.northeastern.deepika.WeatherApp;
				PRODUCT_NAME = "$(TARGET_NAME)";
				SWIFT_EMIT_LOC_STRINGS = YES;
				SWIFT_VERSION = 5.0;
				TARGETED_DEVICE_FAMILY = "1,2";
			};
			name = Debug;
		};
		CFA0AB34272B97940037FBCF /* Release */ = {
			isa = XCBuildConfiguration;
			baseConfigurationReference = 2DBE51C69C698DB1CD15783A /* Pods-WeatherApp.release.xcconfig */;
			buildSettings = {
				ASSETCATALOG_COMPILER_APPICON_NAME = AppIcon;
				ASSETCATALOG_COMPILER_GLOBAL_ACCENT_COLOR_NAME = AccentColor;
				CODE_SIGN_STYLE = Automatic;
				CURRENT_PROJECT_VERSION = 1;
				GENERATE_INFOPLIST_FILE = YES;
				INFOPLIST_FILE = WeatherApp/Info.plist;
				INFOPLIST_KEY_UIApplicationSupportsIndirectInputEvents = YES;
				INFOPLIST_KEY_UILaunchStoryboardName = LaunchScreen;
				INFOPLIST_KEY_UIMainStoryboardFile = Main;
				INFOPLIST_KEY_UISupportedInterfaceOrientations_iPad = "UIInterfaceOrientationPortrait UIInterfaceOrientationPortraitUpsideDown UIInterfaceOrientationLandscapeLeft UIInterfaceOrientationLandscapeRight";
				INFOPLIST_KEY_UISupportedInterfaceOrientations_iPhone = "UIInterfaceOrientationPortrait UIInterfaceOrientationLandscapeLeft UIInterfaceOrientationLandscapeRight";
				LD_RUNPATH_SEARCH_PATHS = (
					"$(inherited)",
					"@executable_path/Frameworks",
				);
				MARKETING_VERSION = 1.0;
				PRODUCT_BUNDLE_IDENTIFIER = edu.northeastern.deepika.WeatherApp;
				PRODUCT_NAME = "$(TARGET_NAME)";
				SWIFT_EMIT_LOC_STRINGS = YES;
				SWIFT_VERSION = 5.0;
				TARGETED_DEVICE_FAMILY = "1,2";
			};
			name = Release;
		};
/* End XCBuildConfiguration section */

/* Begin XCConfigurationList section */
		CFA0AB19272B978F0037FBCF /* Build configuration list for PBXProject "WeatherApp" */ = {
			isa = XCConfigurationList;
			buildConfigurations = (
				CFA0AB30272B97940037FBCF /* Debug */,
				CFA0AB31272B97940037FBCF /* Release */,
			);
			defaultConfigurationIsVisible = 0;
			defaultConfigurationName = Release;
		};
		CFA0AB32272B97940037FBCF /* Build configuration list for PBXNativeTarget "WeatherApp" */ = {
			isa = XCConfigurationList;
			buildConfigurations = (
				CFA0AB33272B97940037FBCF /* Debug */,
				CFA0AB34272B97940037FBCF /* Release */,
			);
			defaultConfigurationIsVisible = 0;
			defaultConfigurationName = Release;
		};
/* End XCConfigurationList section */
	};
	rootObject = CFA0AB16272B978F0037FBCF /* Project object */;
}
